
Microsoft Visual Studio Solution File, Format Version 12.00
# Visual Studio Version 17
VisualStudioVersion = 17.3.32804.467
MinimumVisualStudioVersion = 10.0.40219.1
Project("{FAE04EC0-301F-11D3-BF4B-00C04F79EFBC}") = "Lista 6 - Exercício 5", "Lista 6 - Exercício 5.csproj", "{79AB52CD-6C49-4609-A6E3-8D59E2318EC4}"
EndProject
Global
	GlobalSection(SolutionConfigurationPlatforms) = preSolution
		Debug|Any CPU = Debug|Any CPU
		Release|Any CPU = Release|Any CPU
	EndGlobalSection
	GlobalSection(ProjectConfigurationPlatforms) = postSolution
		{79AB52CD-6C49-4609-A6E3-8D59E2318EC4}.Debug|Any CPU.ActiveCfg = Debug|Any CPU
		{79AB52CD-6C49-4609-A6E3-8D59E2318EC4}.Debug|Any CPU.Build.0 = Debug|Any CPU
		{79AB52CD-6C49-4609-A6E3-8D59E2318EC4}.Release|Any CPU.ActiveCfg = Release|Any CPU
		{79AB52CD-6C49-4609-A6E3-8D59E2318EC4}.Release|Any CPU.Build.0 = Release|Any CPU
	EndGlobalSection
	GlobalSection(SolutionProperties) = preSolution
		HideSolutionNode = FALSE
	EndGlobalSection
	GlobalSection(ExtensibilityGlobals) = postSolution
		SolutionGuid = {6C79A86B-C951-4CCE-B2BC-FB6C6B1D2AAC}
	EndGlobalSection
EndGlobal
