
Microsoft Visual Studio Solution File, Format Version 12.00
# Visual Studio Version 17
VisualStudioVersion = 17.3.32804.467
MinimumVisualStudioVersion = 10.0.40219.1
Project("{FAE04EC0-301F-11D3-BF4B-00C04F79EFBC}") = "Ex15", "Ex15.csproj", "{9A1869B1-3B52-469C-A3BA-5D3BA6443E29}"
EndProject
Global
	GlobalSection(SolutionConfigurationPlatforms) = preSolution
		Debug|Any CPU = Debug|Any CPU
		Release|Any CPU = Release|Any CPU
	EndGlobalSection
	GlobalSection(ProjectConfigurationPlatforms) = postSolution
		{9A1869B1-3B52-469C-A3BA-5D3BA6443E29}.Debug|Any CPU.ActiveCfg = Debug|Any CPU
		{9A1869B1-3B52-469C-A3BA-5D3BA6443E29}.Debug|Any CPU.Build.0 = Debug|Any CPU
		{9A1869B1-3B52-469C-A3BA-5D3BA6443E29}.Release|Any CPU.ActiveCfg = Release|Any CPU
		{9A1869B1-3B52-469C-A3BA-5D3BA6443E29}.Release|Any CPU.Build.0 = Release|Any CPU
	EndGlobalSection
	GlobalSection(SolutionProperties) = preSolution
		HideSolutionNode = FALSE
	EndGlobalSection
	GlobalSection(ExtensibilityGlobals) = postSolution
		SolutionGuid = {C941397A-6099-4883-B0AE-92E70A109221}
	EndGlobalSection
EndGlobal
